
Microsoft Visual Studio Solution File, Format Version 12.00
# Visual Studio 15
Project("{FAE04EC0-301F-11D3-BF4B-00C04F79EFBC}") = "QuickDev.Android", "QuickDev.Android\QuickDev.Android.csproj", "{DA6E63D7-D53C-4C5A-AB0D-F918DA428807}"
EndProject
Project("{FAE04EC0-301F-11D3-BF4B-00C04F79EFBC}") = "QuickDev", "QuickDev\QuickDev.csproj", "{5F2446B6-D2BC-4F2A-BB59-3AEC496D74BB}"
EndProject
Project("{FAE04EC0-301F-11D3-BF4B-00C04F79EFBC}") = "QuickDev.iOS", "QuickDev.iOS\QuickDev.iOS.csproj", "{0DFC3205-2D15-45B5-BE8A-569659752621}"
EndProject
Project("{FAE04EC0-301F-11D3-BF4B-00C04F79EFBC}") = "Util", "..\HoweStandardUtil\Util\Util.csproj", "{73A8152E-B97A-448D-BE70-4D99023A374E}"
EndProject
Global
	GlobalSection(SolutionConfigurationPlatforms) = preSolution
		Debug|Any CPU = Debug|Any CPU
		Release|Any CPU = Release|Any CPU
		Debug|iPhoneSimulator = Debug|iPhoneSimulator
		Release|iPhoneSimulator = Release|iPhoneSimulator
		Debug|iPhone = Debug|iPhone
		Release|iPhone = Release|iPhone
	EndGlobalSection
	GlobalSection(ProjectConfigurationPlatforms) = postSolution
		{DA6E63D7-D53C-4C5A-AB0D-F918DA428807}.Debug|Any CPU.ActiveCfg = Debug|Any CPU
		{DA6E63D7-D53C-4C5A-AB0D-F918DA428807}.Debug|Any CPU.Build.0 = Debug|Any CPU
		{DA6E63D7-D53C-4C5A-AB0D-F918DA428807}.Release|Any CPU.ActiveCfg = Release|Any CPU
		{DA6E63D7-D53C-4C5A-AB0D-F918DA428807}.Release|Any CPU.Build.0 = Release|Any CPU
		{DA6E63D7-D53C-4C5A-AB0D-F918DA428807}.Debug|iPhoneSimulator.ActiveCfg = Debug|Any CPU
		{DA6E63D7-D53C-4C5A-AB0D-F918DA428807}.Debug|iPhoneSimulator.Build.0 = Debug|Any CPU
		{DA6E63D7-D53C-4C5A-AB0D-F918DA428807}.Release|iPhoneSimulator.ActiveCfg = Release|Any CPU
		{DA6E63D7-D53C-4C5A-AB0D-F918DA428807}.Release|iPhoneSimulator.Build.0 = Release|Any CPU
		{DA6E63D7-D53C-4C5A-AB0D-F918DA428807}.Debug|iPhone.ActiveCfg = Debug|Any CPU
		{DA6E63D7-D53C-4C5A-AB0D-F918DA428807}.Debug|iPhone.Build.0 = Debug|Any CPU
		{DA6E63D7-D53C-4C5A-AB0D-F918DA428807}.Release|iPhone.ActiveCfg = Release|Any CPU
		{DA6E63D7-D53C-4C5A-AB0D-F918DA428807}.Release|iPhone.Build.0 = Release|Any CPU
		{5F2446B6-D2BC-4F2A-BB59-3AEC496D74BB}.Debug|Any CPU.ActiveCfg = Debug|Any CPU
		{5F2446B6-D2BC-4F2A-BB59-3AEC496D74BB}.Debug|Any CPU.Build.0 = Debug|Any CPU
		{5F2446B6-D2BC-4F2A-BB59-3AEC496D74BB}.Release|Any CPU.ActiveCfg = Release|Any CPU
		{5F2446B6-D2BC-4F2A-BB59-3AEC496D74BB}.Release|Any CPU.Build.0 = Release|Any CPU
		{5F2446B6-D2BC-4F2A-BB59-3AEC496D74BB}.Debug|iPhoneSimulator.ActiveCfg = Debug|Any CPU
		{5F2446B6-D2BC-4F2A-BB59-3AEC496D74BB}.Debug|iPhoneSimulator.Build.0 = Debug|Any CPU
		{5F2446B6-D2BC-4F2A-BB59-3AEC496D74BB}.Release|iPhoneSimulator.ActiveCfg = Release|Any CPU
		{5F2446B6-D2BC-4F2A-BB59-3AEC496D74BB}.Release|iPhoneSimulator.Build.0 = Release|Any CPU
		{5F2446B6-D2BC-4F2A-BB59-3AEC496D74BB}.Debug|iPhone.ActiveCfg = Debug|Any CPU
		{5F2446B6-D2BC-4F2A-BB59-3AEC496D74BB}.Debug|iPhone.Build.0 = Debug|Any CPU
		{5F2446B6-D2BC-4F2A-BB59-3AEC496D74BB}.Release|iPhone.ActiveCfg = Release|Any CPU
		{5F2446B6-D2BC-4F2A-BB59-3AEC496D74BB}.Release|iPhone.Build.0 = Release|Any CPU
		{0DFC3205-2D15-45B5-BE8A-569659752621}.Debug|Any CPU.ActiveCfg = Debug|iPhoneSimulator
		{0DFC3205-2D15-45B5-BE8A-569659752621}.Debug|Any CPU.Build.0 = Debug|iPhoneSimulator
		{0DFC3205-2D15-45B5-BE8A-569659752621}.Release|Any CPU.ActiveCfg = Release|iPhoneSimulator
		{0DFC3205-2D15-45B5-BE8A-569659752621}.Release|Any CPU.Build.0 = Release|iPhoneSimulator
		{0DFC3205-2D15-45B5-BE8A-569659752621}.Debug|iPhoneSimulator.ActiveCfg = Debug|iPhoneSimulator
		{0DFC3205-2D15-45B5-BE8A-569659752621}.Debug|iPhoneSimulator.Build.0 = Debug|iPhoneSimulator
		{0DFC3205-2D15-45B5-BE8A-569659752621}.Release|iPhoneSimulator.ActiveCfg = Release|iPhoneSimulator
		{0DFC3205-2D15-45B5-BE8A-569659752621}.Release|iPhoneSimulator.Build.0 = Release|iPhoneSimulator
		{0DFC3205-2D15-45B5-BE8A-569659752621}.Debug|iPhone.ActiveCfg = Debug|iPhone
		{0DFC3205-2D15-45B5-BE8A-569659752621}.Debug|iPhone.Build.0 = Debug|iPhone
		{0DFC3205-2D15-45B5-BE8A-569659752621}.Release|iPhone.ActiveCfg = Release|iPhone
		{0DFC3205-2D15-45B5-BE8A-569659752621}.Release|iPhone.Build.0 = Release|iPhone
		{73A8152E-B97A-448D-BE70-4D99023A374E}.Debug|Any CPU.ActiveCfg = Debug|Any CPU
		{73A8152E-B97A-448D-BE70-4D99023A374E}.Debug|Any CPU.Build.0 = Debug|Any CPU
		{73A8152E-B97A-448D-BE70-4D99023A374E}.Release|Any CPU.ActiveCfg = Release|Any CPU
		{73A8152E-B97A-448D-BE70-4D99023A374E}.Release|Any CPU.Build.0 = Release|Any CPU
		{73A8152E-B97A-448D-BE70-4D99023A374E}.Debug|iPhoneSimulator.ActiveCfg = Debug|Any CPU
		{73A8152E-B97A-448D-BE70-4D99023A374E}.Debug|iPhoneSimulator.Build.0 = Debug|Any CPU
		{73A8152E-B97A-448D-BE70-4D99023A374E}.Release|iPhoneSimulator.ActiveCfg = Release|Any CPU
		{73A8152E-B97A-448D-BE70-4D99023A374E}.Release|iPhoneSimulator.Build.0 = Release|Any CPU
		{73A8152E-B97A-448D-BE70-4D99023A374E}.Debug|iPhone.ActiveCfg = Debug|Any CPU
		{73A8152E-B97A-448D-BE70-4D99023A374E}.Debug|iPhone.Build.0 = Debug|Any CPU
		{73A8152E-B97A-448D-BE70-4D99023A374E}.Release|iPhone.ActiveCfg = Release|Any CPU
		{73A8152E-B97A-448D-BE70-4D99023A374E}.Release|iPhone.Build.0 = Release|Any CPU
	EndGlobalSection
EndGlobal
